
Microsoft Visual Studio Solution File, Format Version 12.00
# Visual Studio Version 16
VisualStudioVersion = 16.0.31729.503
MinimumVisualStudioVersion = 10.0.40219.1
Project("{FAE04EC0-301F-11D3-BF4B-00C04F79EFBC}") = "DB II", "DB II.csproj", "{EA700728-D5D6-4E94-8330-BDD394764DAC}"
EndProject
Global
	GlobalSection(SolutionConfigurationPlatforms) = preSolution
		Debug|Any CPU = Debug|Any CPU
		Release|Any CPU = Release|Any CPU
	EndGlobalSection
	GlobalSection(ProjectConfigurationPlatforms) = postSolution
		{EA700728-D5D6-4E94-8330-BDD394764DAC}.Debug|Any CPU.ActiveCfg = Debug|Any CPU
		{EA700728-D5D6-4E94-8330-BDD394764DAC}.Debug|Any CPU.Build.0 = Debug|Any CPU
		{EA700728-D5D6-4E94-8330-BDD394764DAC}.Release|Any CPU.ActiveCfg = Release|Any CPU
		{EA700728-D5D6-4E94-8330-BDD394764DAC}.Release|Any CPU.Build.0 = Release|Any CPU
	EndGlobalSection
	GlobalSection(SolutionProperties) = preSolution
		HideSolutionNode = FALSE
	EndGlobalSection
	GlobalSection(ExtensibilityGlobals) = postSolution
		SolutionGuid = {E94F7398-A43B-4CF0-B71B-2F9E7B8398DB}
	EndGlobalSection
EndGlobal
